
Microsoft Visual Studio Solution File, Format Version 12.00
# Visual Studio Version 17
VisualStudioVersion = 17.5.33516.290
MinimumVisualStudioVersion = 10.0.40219.1
Project("{9A19103F-16F7-4668-BE54-9A1E7A4F7556}") = "PatientBook", "PatientBook.csproj", "{27FBAA6A-2050-4316-A4F9-08B3E0F0F846}"
EndProject
Global
	GlobalSection(SolutionConfigurationPlatforms) = preSolution
		Debug|Any CPU = Debug|Any CPU
		Release|Any CPU = Release|Any CPU
	EndGlobalSection
	GlobalSection(ProjectConfigurationPlatforms) = postSolution
		{27FBAA6A-2050-4316-A4F9-08B3E0F0F846}.Debug|Any CPU.ActiveCfg = Debug|Any CPU
		{27FBAA6A-2050-4316-A4F9-08B3E0F0F846}.Debug|Any CPU.Build.0 = Debug|Any CPU
		{27FBAA6A-2050-4316-A4F9-08B3E0F0F846}.Release|Any CPU.ActiveCfg = Release|Any CPU
		{27FBAA6A-2050-4316-A4F9-08B3E0F0F846}.Release|Any CPU.Build.0 = Release|Any CPU
	EndGlobalSection
	GlobalSection(SolutionProperties) = preSolution
		HideSolutionNode = FALSE
	EndGlobalSection
	GlobalSection(ExtensibilityGlobals) = postSolution
		SolutionGuid = {53617B9B-FF0F-419F-A121-FAB9DCF049E6}
	EndGlobalSection
EndGlobal
